
Microsoft Visual Studio Solution File, Format Version 12.00
# Visual Studio 14
VisualStudioVersion = 14.0.25420.1
MinimumVisualStudioVersion = 10.0.40219.1
Project("{FAE04EC0-301F-11D3-BF4B-00C04F79EFBC}") = "TowerDefense", "TowerDefense\TowerDefense\TowerDefense.csproj", "{63035BEC-DFAF-435C-AE9A-4E23C1109867}"
EndProject
Project("{FAE04EC0-301F-11D3-BF4B-00C04F79EFBC}") = "TowerDefenseContent", "TowerDefense\TowerDefenseContent\TowerDefenseContent.contentproj", "{CB1AEC62-8DBA-4846-8852-E39B7284DD73}"
EndProject
Project("{FAE04EC0-301F-11D3-BF4B-00C04F79EFBC}") = "GameManagement", "GameManagement\GameManagement.csproj", "{6CEB5F37-0BFA-4A0D-8DB7-B25ECD81CAAE}"
EndProject
Global
	GlobalSection(SolutionConfigurationPlatforms) = preSolution
		Debug|x86 = Debug|x86
		Release|x86 = Release|x86
	EndGlobalSection
	GlobalSection(ProjectConfigurationPlatforms) = postSolution
		{63035BEC-DFAF-435C-AE9A-4E23C1109867}.Debug|x86.ActiveCfg = Debug|x86
		{63035BEC-DFAF-435C-AE9A-4E23C1109867}.Debug|x86.Build.0 = Debug|x86
		{63035BEC-DFAF-435C-AE9A-4E23C1109867}.Release|x86.ActiveCfg = Release|x86
		{63035BEC-DFAF-435C-AE9A-4E23C1109867}.Release|x86.Build.0 = Release|x86
		{CB1AEC62-8DBA-4846-8852-E39B7284DD73}.Debug|x86.ActiveCfg = Debug|x86
		{CB1AEC62-8DBA-4846-8852-E39B7284DD73}.Release|x86.ActiveCfg = Release|x86
		{6CEB5F37-0BFA-4A0D-8DB7-B25ECD81CAAE}.Debug|x86.ActiveCfg = Debug|x86
		{6CEB5F37-0BFA-4A0D-8DB7-B25ECD81CAAE}.Debug|x86.Build.0 = Debug|x86
		{6CEB5F37-0BFA-4A0D-8DB7-B25ECD81CAAE}.Release|x86.ActiveCfg = Release|x86
		{6CEB5F37-0BFA-4A0D-8DB7-B25ECD81CAAE}.Release|x86.Build.0 = Release|x86
	EndGlobalSection
	GlobalSection(SolutionProperties) = preSolution
		HideSolutionNode = FALSE
	EndGlobalSection
EndGlobal
